
Microsoft Visual Studio Solution File, Format Version 12.00
# Visual Studio Version 16
VisualStudioVersion = 16.0.31624.102
MinimumVisualStudioVersion = 10.0.40219.1
Project("{FAE04EC0-301F-11D3-BF4B-00C04F79EFBC}") = "ConsoleApp1", "ConsoleApp1\ConsoleApp1.csproj", "{F506A578-216B-4FAA-A604-A2B0650BBB5F}"
EndProject
Global
	GlobalSection(SolutionConfigurationPlatforms) = preSolution
		Debug|Any CPU = Debug|Any CPU
		Release|Any CPU = Release|Any CPU
	EndGlobalSection
	GlobalSection(ProjectConfigurationPlatforms) = postSolution
		{F506A578-216B-4FAA-A604-A2B0650BBB5F}.Debug|Any CPU.ActiveCfg = Debug|Any CPU
		{F506A578-216B-4FAA-A604-A2B0650BBB5F}.Debug|Any CPU.Build.0 = Debug|Any CPU
		{F506A578-216B-4FAA-A604-A2B0650BBB5F}.Release|Any CPU.ActiveCfg = Release|Any CPU
		{F506A578-216B-4FAA-A604-A2B0650BBB5F}.Release|Any CPU.Build.0 = Release|Any CPU
	EndGlobalSection
	GlobalSection(SolutionProperties) = preSolution
		HideSolutionNode = FALSE
	EndGlobalSection
	GlobalSection(ExtensibilityGlobals) = postSolution
		SolutionGuid = {4E8D41D3-49B4-438D-A290-D64D8A9B011E}
	EndGlobalSection
EndGlobal
